
Microsoft Visual Studio Solution File, Format Version 12.00
# Visual Studio Version 17
VisualStudioVersion = 17.4.33122.133
MinimumVisualStudioVersion = 10.0.40219.1
Project("{FAE04EC0-301F-11D3-BF4B-00C04F79EFBC}") = "01.Day of Week", "01.Day of Week\01.Day of Week.csproj", "{1596E2AF-8C9A-43B9-8A52-52AF57DC73F6}"
EndProject
Project("{FAE04EC0-301F-11D3-BF4B-00C04F79EFBC}") = "02.Weekend or Working Day", "02.Weekend or Working Day\02.Weekend or Working Day.csproj", "{DF62149F-2421-4C0A-9ABF-7711E5AEA218}"
EndProject
Project("{FAE04EC0-301F-11D3-BF4B-00C04F79EFBC}") = "03.Animal Type", "03.Animal Type\03.Animal Type.csproj", "{5EFBD6FA-52F5-4CD6-B8FB-E87F64DABE93}"
EndProject
Project("{FAE04EC0-301F-11D3-BF4B-00C04F79EFBC}") = "04.Personal Titles", "04.Personal Titles\04.Personal Titles.csproj", "{5DF71984-A4C7-45B7-B66F-B185EE781C1C}"
EndProject
Project("{FAE04EC0-301F-11D3-BF4B-00C04F79EFBC}") = "05.Small Shop", "05.Small Shop\05.Small Shop.csproj", "{98BD593E-A93D-4326-BF55-8477248BD0F3}"
EndProject
Project("{FAE04EC0-301F-11D3-BF4B-00C04F79EFBC}") = "06.Number in Range", "06.Number in Range\06.Number in Range.csproj", "{F4B02437-ABEF-4038-BD16-9693B7A8DE34}"
EndProject
Project("{FAE04EC0-301F-11D3-BF4B-00C04F79EFBC}") = "07.Working Hours", "07.Working Hours\07.Working Hours.csproj", "{7EA4CB96-46B2-409D-8692-BA3C3DE4EE66}"
EndProject
Project("{FAE04EC0-301F-11D3-BF4B-00C04F79EFBC}") = "08.Cinema Ticket", "08.Cinema Ticket\08.Cinema Ticket.csproj", "{2D3F6AA2-FAFD-411F-AF9E-5F6AB85B27BD}"
EndProject
Project("{FAE04EC0-301F-11D3-BF4B-00C04F79EFBC}") = "09.Fruit or Vegetable", "09.Fruit or Vegetable\09.Fruit or Vegetable.csproj", "{E39C1C72-C537-4645-91CD-A1FA64237071}"
EndProject
Project("{FAE04EC0-301F-11D3-BF4B-00C04F79EFBC}") = "10.Invalid Number", "10.Invalid Number\10.Invalid Number.csproj", "{65572C4B-6A06-4D5F-B925-7885C4A36F5B}"
EndProject
Project("{FAE04EC0-301F-11D3-BF4B-00C04F79EFBC}") = "11.Fruit Shop", "11.Fruit Shop\11.Fruit Shop.csproj", "{CC2AE3FF-C782-4FBC-A481-2252285C3580}"
EndProject
Project("{FAE04EC0-301F-11D3-BF4B-00C04F79EFBC}") = "12.Trade Commissions", "12.Trade Commissions\12.Trade Commissions.csproj", "{325864BB-3FBE-4C2A-87A0-D9982395242C}"
EndProject
Global
	GlobalSection(SolutionConfigurationPlatforms) = preSolution
		Debug|Any CPU = Debug|Any CPU
		Release|Any CPU = Release|Any CPU
	EndGlobalSection
	GlobalSection(ProjectConfigurationPlatforms) = postSolution
		{1596E2AF-8C9A-43B9-8A52-52AF57DC73F6}.Debug|Any CPU.ActiveCfg = Debug|Any CPU
		{1596E2AF-8C9A-43B9-8A52-52AF57DC73F6}.Debug|Any CPU.Build.0 = Debug|Any CPU
		{1596E2AF-8C9A-43B9-8A52-52AF57DC73F6}.Release|Any CPU.ActiveCfg = Release|Any CPU
		{1596E2AF-8C9A-43B9-8A52-52AF57DC73F6}.Release|Any CPU.Build.0 = Release|Any CPU
		{DF62149F-2421-4C0A-9ABF-7711E5AEA218}.Debug|Any CPU.ActiveCfg = Debug|Any CPU
		{DF62149F-2421-4C0A-9ABF-7711E5AEA218}.Debug|Any CPU.Build.0 = Debug|Any CPU
		{DF62149F-2421-4C0A-9ABF-7711E5AEA218}.Release|Any CPU.ActiveCfg = Release|Any CPU
		{DF62149F-2421-4C0A-9ABF-7711E5AEA218}.Release|Any CPU.Build.0 = Release|Any CPU
		{5EFBD6FA-52F5-4CD6-B8FB-E87F64DABE93}.Debug|Any CPU.ActiveCfg = Debug|Any CPU
		{5EFBD6FA-52F5-4CD6-B8FB-E87F64DABE93}.Debug|Any CPU.Build.0 = Debug|Any CPU
		{5EFBD6FA-52F5-4CD6-B8FB-E87F64DABE93}.Release|Any CPU.ActiveCfg = Release|Any CPU
		{5EFBD6FA-52F5-4CD6-B8FB-E87F64DABE93}.Release|Any CPU.Build.0 = Release|Any CPU
		{5DF71984-A4C7-45B7-B66F-B185EE781C1C}.Debug|Any CPU.ActiveCfg = Debug|Any CPU
		{5DF71984-A4C7-45B7-B66F-B185EE781C1C}.Debug|Any CPU.Build.0 = Debug|Any CPU
		{5DF71984-A4C7-45B7-B66F-B185EE781C1C}.Release|Any CPU.ActiveCfg = Release|Any CPU
		{5DF71984-A4C7-45B7-B66F-B185EE781C1C}.Release|Any CPU.Build.0 = Release|Any CPU
		{98BD593E-A93D-4326-BF55-8477248BD0F3}.Debug|Any CPU.ActiveCfg = Debug|Any CPU
		{98BD593E-A93D-4326-BF55-8477248BD0F3}.Debug|Any CPU.Build.0 = Debug|Any CPU
		{98BD593E-A93D-4326-BF55-8477248BD0F3}.Release|Any CPU.ActiveCfg = Release|Any CPU
		{98BD593E-A93D-4326-BF55-8477248BD0F3}.Release|Any CPU.Build.0 = Release|Any CPU
		{F4B02437-ABEF-4038-BD16-9693B7A8DE34}.Debug|Any CPU.ActiveCfg = Debug|Any CPU
		{F4B02437-ABEF-4038-BD16-9693B7A8DE34}.Debug|Any CPU.Build.0 = Debug|Any CPU
		{F4B02437-ABEF-4038-BD16-9693B7A8DE34}.Release|Any CPU.ActiveCfg = Release|Any CPU
		{F4B02437-ABEF-4038-BD16-9693B7A8DE34}.Release|Any CPU.Build.0 = Release|Any CPU
		{7EA4CB96-46B2-409D-8692-BA3C3DE4EE66}.Debug|Any CPU.ActiveCfg = Debug|Any CPU
		{7EA4CB96-46B2-409D-8692-BA3C3DE4EE66}.Debug|Any CPU.Build.0 = Debug|Any CPU
		{7EA4CB96-46B2-409D-8692-BA3C3DE4EE66}.Release|Any CPU.ActiveCfg = Release|Any CPU
		{7EA4CB96-46B2-409D-8692-BA3C3DE4EE66}.Release|Any CPU.Build.0 = Release|Any CPU
		{2D3F6AA2-FAFD-411F-AF9E-5F6AB85B27BD}.Debug|Any CPU.ActiveCfg = Debug|Any CPU
		{2D3F6AA2-FAFD-411F-AF9E-5F6AB85B27BD}.Debug|Any CPU.Build.0 = Debug|Any CPU
		{2D3F6AA2-FAFD-411F-AF9E-5F6AB85B27BD}.Release|Any CPU.ActiveCfg = Release|Any CPU
		{2D3F6AA2-FAFD-411F-AF9E-5F6AB85B27BD}.Release|Any CPU.Build.0 = Release|Any CPU
		{E39C1C72-C537-4645-91CD-A1FA64237071}.Debug|Any CPU.ActiveCfg = Debug|Any CPU
		{E39C1C72-C537-4645-91CD-A1FA64237071}.Debug|Any CPU.Build.0 = Debug|Any CPU
		{E39C1C72-C537-4645-91CD-A1FA64237071}.Release|Any CPU.ActiveCfg = Release|Any CPU
		{E39C1C72-C537-4645-91CD-A1FA64237071}.Release|Any CPU.Build.0 = Release|Any CPU
		{65572C4B-6A06-4D5F-B925-7885C4A36F5B}.Debug|Any CPU.ActiveCfg = Debug|Any CPU
		{65572C4B-6A06-4D5F-B925-7885C4A36F5B}.Debug|Any CPU.Build.0 = Debug|Any CPU
		{65572C4B-6A06-4D5F-B925-7885C4A36F5B}.Release|Any CPU.ActiveCfg = Release|Any CPU
		{65572C4B-6A06-4D5F-B925-7885C4A36F5B}.Release|Any CPU.Build.0 = Release|Any CPU
		{CC2AE3FF-C782-4FBC-A481-2252285C3580}.Debug|Any CPU.ActiveCfg = Debug|Any CPU
		{CC2AE3FF-C782-4FBC-A481-2252285C3580}.Debug|Any CPU.Build.0 = Debug|Any CPU
		{CC2AE3FF-C782-4FBC-A481-2252285C3580}.Release|Any CPU.ActiveCfg = Release|Any CPU
		{CC2AE3FF-C782-4FBC-A481-2252285C3580}.Release|Any CPU.Build.0 = Release|Any CPU
		{325864BB-3FBE-4C2A-87A0-D9982395242C}.Debug|Any CPU.ActiveCfg = Debug|Any CPU
		{325864BB-3FBE-4C2A-87A0-D9982395242C}.Debug|Any CPU.Build.0 = Debug|Any CPU
		{325864BB-3FBE-4C2A-87A0-D9982395242C}.Release|Any CPU.ActiveCfg = Release|Any CPU
		{325864BB-3FBE-4C2A-87A0-D9982395242C}.Release|Any CPU.Build.0 = Release|Any CPU
	EndGlobalSection
	GlobalSection(SolutionProperties) = preSolution
		HideSolutionNode = FALSE
	EndGlobalSection
	GlobalSection(ExtensibilityGlobals) = postSolution
		SolutionGuid = {9AD647E0-DE93-40DF-A71F-D5C1F4978CCB}
	EndGlobalSection
EndGlobal
