
Microsoft Visual Studio Solution File, Format Version 12.00
# Visual Studio Version 17
VisualStudioVersion = 17.4.33122.133
MinimumVisualStudioVersion = 10.0.40219.1
Project("{FAE04EC0-301F-11D3-BF4B-00C04F79EFBC}") = "01Cinema", "01Cinema\01Cinema.csproj", "{5802CCCD-3B59-449F-9D2E-39B70BFC8B56}"
EndProject
Project("{FAE04EC0-301F-11D3-BF4B-00C04F79EFBC}") = "02.Summer Outfit", "02.Summer Outfit\02.Summer Outfit.csproj", "{80D76CD7-DFA6-4F81-A525-2C3552ECD4EC}"
EndProject
Project("{FAE04EC0-301F-11D3-BF4B-00C04F79EFBC}") = "03.New House", "03.New House\03.New House.csproj", "{26B25FB1-44A8-47B4-A732-5C34C54F4133}"
EndProject
Project("{FAE04EC0-301F-11D3-BF4B-00C04F79EFBC}") = "04.Fishing Boat", "04.Fishing Boat\04.Fishing Boat.csproj", "{19CFC0F5-C9ED-4F7A-8BE4-668D3600A1A2}"
EndProject
Project("{FAE04EC0-301F-11D3-BF4B-00C04F79EFBC}") = "05.Journey", "05.Journey\05.Journey.csproj", "{0B55DFEC-45D1-411B-A751-BA398AC3880F}"
EndProject
Project("{FAE04EC0-301F-11D3-BF4B-00C04F79EFBC}") = "06.Operations Between Numbers", "06.Operations Between Numbers\06.Operations Between Numbers.csproj", "{75F825AD-2732-48D8-A959-F4728E2A68D1}"
EndProject
Project("{FAE04EC0-301F-11D3-BF4B-00C04F79EFBC}") = "07.Hotel Room", "07.Hotel Room\07.Hotel Room.csproj", "{15E49F16-3DF3-46B9-97ED-C303A72276A3}"
EndProject
Project("{FAE04EC0-301F-11D3-BF4B-00C04F79EFBC}") = "08.On Time for the Exam", "08.On Time for the Exam\08.On Time for the Exam.csproj", "{C0326B72-B78A-4BF2-A3CB-BADB50C8BB6A}"
EndProject
Project("{FAE04EC0-301F-11D3-BF4B-00C04F79EFBC}") = "09.Ski Trip", "09.Ski Trip\09.Ski Trip.csproj", "{717FCE15-3080-4548-B7EA-4364830F95A3}"
EndProject
Global
	GlobalSection(SolutionConfigurationPlatforms) = preSolution
		Debug|Any CPU = Debug|Any CPU
		Release|Any CPU = Release|Any CPU
	EndGlobalSection
	GlobalSection(ProjectConfigurationPlatforms) = postSolution
		{5802CCCD-3B59-449F-9D2E-39B70BFC8B56}.Debug|Any CPU.ActiveCfg = Debug|Any CPU
		{5802CCCD-3B59-449F-9D2E-39B70BFC8B56}.Debug|Any CPU.Build.0 = Debug|Any CPU
		{5802CCCD-3B59-449F-9D2E-39B70BFC8B56}.Release|Any CPU.ActiveCfg = Release|Any CPU
		{5802CCCD-3B59-449F-9D2E-39B70BFC8B56}.Release|Any CPU.Build.0 = Release|Any CPU
		{80D76CD7-DFA6-4F81-A525-2C3552ECD4EC}.Debug|Any CPU.ActiveCfg = Debug|Any CPU
		{80D76CD7-DFA6-4F81-A525-2C3552ECD4EC}.Debug|Any CPU.Build.0 = Debug|Any CPU
		{80D76CD7-DFA6-4F81-A525-2C3552ECD4EC}.Release|Any CPU.ActiveCfg = Release|Any CPU
		{80D76CD7-DFA6-4F81-A525-2C3552ECD4EC}.Release|Any CPU.Build.0 = Release|Any CPU
		{26B25FB1-44A8-47B4-A732-5C34C54F4133}.Debug|Any CPU.ActiveCfg = Debug|Any CPU
		{26B25FB1-44A8-47B4-A732-5C34C54F4133}.Debug|Any CPU.Build.0 = Debug|Any CPU
		{26B25FB1-44A8-47B4-A732-5C34C54F4133}.Release|Any CPU.ActiveCfg = Release|Any CPU
		{26B25FB1-44A8-47B4-A732-5C34C54F4133}.Release|Any CPU.Build.0 = Release|Any CPU
		{19CFC0F5-C9ED-4F7A-8BE4-668D3600A1A2}.Debug|Any CPU.ActiveCfg = Debug|Any CPU
		{19CFC0F5-C9ED-4F7A-8BE4-668D3600A1A2}.Debug|Any CPU.Build.0 = Debug|Any CPU
		{19CFC0F5-C9ED-4F7A-8BE4-668D3600A1A2}.Release|Any CPU.ActiveCfg = Release|Any CPU
		{19CFC0F5-C9ED-4F7A-8BE4-668D3600A1A2}.Release|Any CPU.Build.0 = Release|Any CPU
		{0B55DFEC-45D1-411B-A751-BA398AC3880F}.Debug|Any CPU.ActiveCfg = Debug|Any CPU
		{0B55DFEC-45D1-411B-A751-BA398AC3880F}.Debug|Any CPU.Build.0 = Debug|Any CPU
		{0B55DFEC-45D1-411B-A751-BA398AC3880F}.Release|Any CPU.ActiveCfg = Release|Any CPU
		{0B55DFEC-45D1-411B-A751-BA398AC3880F}.Release|Any CPU.Build.0 = Release|Any CPU
		{75F825AD-2732-48D8-A959-F4728E2A68D1}.Debug|Any CPU.ActiveCfg = Debug|Any CPU
		{75F825AD-2732-48D8-A959-F4728E2A68D1}.Debug|Any CPU.Build.0 = Debug|Any CPU
		{75F825AD-2732-48D8-A959-F4728E2A68D1}.Release|Any CPU.ActiveCfg = Release|Any CPU
		{75F825AD-2732-48D8-A959-F4728E2A68D1}.Release|Any CPU.Build.0 = Release|Any CPU
		{15E49F16-3DF3-46B9-97ED-C303A72276A3}.Debug|Any CPU.ActiveCfg = Debug|Any CPU
		{15E49F16-3DF3-46B9-97ED-C303A72276A3}.Debug|Any CPU.Build.0 = Debug|Any CPU
		{15E49F16-3DF3-46B9-97ED-C303A72276A3}.Release|Any CPU.ActiveCfg = Release|Any CPU
		{15E49F16-3DF3-46B9-97ED-C303A72276A3}.Release|Any CPU.Build.0 = Release|Any CPU
		{C0326B72-B78A-4BF2-A3CB-BADB50C8BB6A}.Debug|Any CPU.ActiveCfg = Debug|Any CPU
		{C0326B72-B78A-4BF2-A3CB-BADB50C8BB6A}.Debug|Any CPU.Build.0 = Debug|Any CPU
		{C0326B72-B78A-4BF2-A3CB-BADB50C8BB6A}.Release|Any CPU.ActiveCfg = Release|Any CPU
		{C0326B72-B78A-4BF2-A3CB-BADB50C8BB6A}.Release|Any CPU.Build.0 = Release|Any CPU
		{717FCE15-3080-4548-B7EA-4364830F95A3}.Debug|Any CPU.ActiveCfg = Debug|Any CPU
		{717FCE15-3080-4548-B7EA-4364830F95A3}.Debug|Any CPU.Build.0 = Debug|Any CPU
		{717FCE15-3080-4548-B7EA-4364830F95A3}.Release|Any CPU.ActiveCfg = Release|Any CPU
		{717FCE15-3080-4548-B7EA-4364830F95A3}.Release|Any CPU.Build.0 = Release|Any CPU
	EndGlobalSection
	GlobalSection(SolutionProperties) = preSolution
		HideSolutionNode = FALSE
	EndGlobalSection
	GlobalSection(ExtensibilityGlobals) = postSolution
		SolutionGuid = {53AB25D2-C794-44B2-828F-98479B950493}
	EndGlobalSection
EndGlobal
