
Microsoft Visual Studio Solution File, Format Version 12.00
# Visual Studio Version 17
VisualStudioVersion = 17.4.33122.133
MinimumVisualStudioVersion = 10.0.40219.1
Project("{FAE04EC0-301F-11D3-BF4B-00C04F79EFBC}") = "01.Numbers from 1 to 100", "01.Numbers from 1 to 100\01.Numbers from 1 to 100.csproj", "{4FAA5570-BB6A-4394-86C2-EA7AD3F18041}"
EndProject
Project("{FAE04EC0-301F-11D3-BF4B-00C04F79EFBC}") = "02.Numbers N-1", "02.Numbers N-1\02.Numbers N-1.csproj", "{CD326F70-D30C-4A13-AFC0-F098A1553F8D}"
EndProject
Project("{FAE04EC0-301F-11D3-BF4B-00C04F79EFBC}") = "03.Numbers 1-N with Step 3", "03.Numbers 1-N with Step 3\03.Numbers 1-N with Step 3.csproj", "{7D98D610-4FCC-4EF2-9A84-0EAF14B00FAB}"
EndProject
Project("{FAE04EC0-301F-11D3-BF4B-00C04F79EFBC}") = "04.Even Powers of 2", "04.Even Powers of 2\04.Even Powers of 2.csproj", "{98CC39DE-6D9B-4ACC-BE36-3BCE5A62A54C}"
EndProject
Project("{FAE04EC0-301F-11D3-BF4B-00C04F79EFBC}") = "05.Character Sequence", "05.Character Sequence\05.Character Sequence.csproj", "{5386E785-A9DA-4C0F-AFF5-9FB59116D809}"
EndProject
Project("{FAE04EC0-301F-11D3-BF4B-00C04F79EFBC}") = "06.Vowels Sum", "06.Vowels Sum\06.Vowels Sum.csproj", "{F6B34470-8F43-48BB-8AA6-2F8BD2F67084}"
EndProject
Project("{FAE04EC0-301F-11D3-BF4B-00C04F79EFBC}") = "07.Sum Numbers", "07.Sum Numbers\07.Sum Numbers.csproj", "{953BE0AF-DE0E-4F45-BFF7-82E8E53EABB2}"
EndProject
Project("{FAE04EC0-301F-11D3-BF4B-00C04F79EFBC}") = "08.Number sequence", "08.Number sequence\08.Number sequence.csproj", "{8176770F-A12F-4456-8FB6-3C079C69623F}"
EndProject
Project("{FAE04EC0-301F-11D3-BF4B-00C04F79EFBC}") = "09.Left and Right Sum", "09.Left and Right Sum\09.Left and Right Sum.csproj", "{2790011C-2807-46D3-895F-EC1BAFDE00DA}"
EndProject
Project("{FAE04EC0-301F-11D3-BF4B-00C04F79EFBC}") = "10.Odd Even Sum", "10.Odd Even Sum\10.Odd Even Sum.csproj", "{FBBC72A8-C0DC-4F54-95A8-CB9BA6BF8586}"
EndProject
Global
	GlobalSection(SolutionConfigurationPlatforms) = preSolution
		Debug|Any CPU = Debug|Any CPU
		Release|Any CPU = Release|Any CPU
	EndGlobalSection
	GlobalSection(ProjectConfigurationPlatforms) = postSolution
		{4FAA5570-BB6A-4394-86C2-EA7AD3F18041}.Debug|Any CPU.ActiveCfg = Debug|Any CPU
		{4FAA5570-BB6A-4394-86C2-EA7AD3F18041}.Debug|Any CPU.Build.0 = Debug|Any CPU
		{4FAA5570-BB6A-4394-86C2-EA7AD3F18041}.Release|Any CPU.ActiveCfg = Release|Any CPU
		{4FAA5570-BB6A-4394-86C2-EA7AD3F18041}.Release|Any CPU.Build.0 = Release|Any CPU
		{CD326F70-D30C-4A13-AFC0-F098A1553F8D}.Debug|Any CPU.ActiveCfg = Debug|Any CPU
		{CD326F70-D30C-4A13-AFC0-F098A1553F8D}.Debug|Any CPU.Build.0 = Debug|Any CPU
		{CD326F70-D30C-4A13-AFC0-F098A1553F8D}.Release|Any CPU.ActiveCfg = Release|Any CPU
		{CD326F70-D30C-4A13-AFC0-F098A1553F8D}.Release|Any CPU.Build.0 = Release|Any CPU
		{7D98D610-4FCC-4EF2-9A84-0EAF14B00FAB}.Debug|Any CPU.ActiveCfg = Debug|Any CPU
		{7D98D610-4FCC-4EF2-9A84-0EAF14B00FAB}.Debug|Any CPU.Build.0 = Debug|Any CPU
		{7D98D610-4FCC-4EF2-9A84-0EAF14B00FAB}.Release|Any CPU.ActiveCfg = Release|Any CPU
		{7D98D610-4FCC-4EF2-9A84-0EAF14B00FAB}.Release|Any CPU.Build.0 = Release|Any CPU
		{98CC39DE-6D9B-4ACC-BE36-3BCE5A62A54C}.Debug|Any CPU.ActiveCfg = Debug|Any CPU
		{98CC39DE-6D9B-4ACC-BE36-3BCE5A62A54C}.Debug|Any CPU.Build.0 = Debug|Any CPU
		{98CC39DE-6D9B-4ACC-BE36-3BCE5A62A54C}.Release|Any CPU.ActiveCfg = Release|Any CPU
		{98CC39DE-6D9B-4ACC-BE36-3BCE5A62A54C}.Release|Any CPU.Build.0 = Release|Any CPU
		{5386E785-A9DA-4C0F-AFF5-9FB59116D809}.Debug|Any CPU.ActiveCfg = Debug|Any CPU
		{5386E785-A9DA-4C0F-AFF5-9FB59116D809}.Debug|Any CPU.Build.0 = Debug|Any CPU
		{5386E785-A9DA-4C0F-AFF5-9FB59116D809}.Release|Any CPU.ActiveCfg = Release|Any CPU
		{5386E785-A9DA-4C0F-AFF5-9FB59116D809}.Release|Any CPU.Build.0 = Release|Any CPU
		{F6B34470-8F43-48BB-8AA6-2F8BD2F67084}.Debug|Any CPU.ActiveCfg = Debug|Any CPU
		{F6B34470-8F43-48BB-8AA6-2F8BD2F67084}.Debug|Any CPU.Build.0 = Debug|Any CPU
		{F6B34470-8F43-48BB-8AA6-2F8BD2F67084}.Release|Any CPU.ActiveCfg = Release|Any CPU
		{F6B34470-8F43-48BB-8AA6-2F8BD2F67084}.Release|Any CPU.Build.0 = Release|Any CPU
		{953BE0AF-DE0E-4F45-BFF7-82E8E53EABB2}.Debug|Any CPU.ActiveCfg = Debug|Any CPU
		{953BE0AF-DE0E-4F45-BFF7-82E8E53EABB2}.Debug|Any CPU.Build.0 = Debug|Any CPU
		{953BE0AF-DE0E-4F45-BFF7-82E8E53EABB2}.Release|Any CPU.ActiveCfg = Release|Any CPU
		{953BE0AF-DE0E-4F45-BFF7-82E8E53EABB2}.Release|Any CPU.Build.0 = Release|Any CPU
		{8176770F-A12F-4456-8FB6-3C079C69623F}.Debug|Any CPU.ActiveCfg = Debug|Any CPU
		{8176770F-A12F-4456-8FB6-3C079C69623F}.Debug|Any CPU.Build.0 = Debug|Any CPU
		{8176770F-A12F-4456-8FB6-3C079C69623F}.Release|Any CPU.ActiveCfg = Release|Any CPU
		{8176770F-A12F-4456-8FB6-3C079C69623F}.Release|Any CPU.Build.0 = Release|Any CPU
		{2790011C-2807-46D3-895F-EC1BAFDE00DA}.Debug|Any CPU.ActiveCfg = Debug|Any CPU
		{2790011C-2807-46D3-895F-EC1BAFDE00DA}.Debug|Any CPU.Build.0 = Debug|Any CPU
		{2790011C-2807-46D3-895F-EC1BAFDE00DA}.Release|Any CPU.ActiveCfg = Release|Any CPU
		{2790011C-2807-46D3-895F-EC1BAFDE00DA}.Release|Any CPU.Build.0 = Release|Any CPU
		{FBBC72A8-C0DC-4F54-95A8-CB9BA6BF8586}.Debug|Any CPU.ActiveCfg = Debug|Any CPU
		{FBBC72A8-C0DC-4F54-95A8-CB9BA6BF8586}.Debug|Any CPU.Build.0 = Debug|Any CPU
		{FBBC72A8-C0DC-4F54-95A8-CB9BA6BF8586}.Release|Any CPU.ActiveCfg = Release|Any CPU
		{FBBC72A8-C0DC-4F54-95A8-CB9BA6BF8586}.Release|Any CPU.Build.0 = Release|Any CPU
	EndGlobalSection
	GlobalSection(SolutionProperties) = preSolution
		HideSolutionNode = FALSE
	EndGlobalSection
	GlobalSection(ExtensibilityGlobals) = postSolution
		SolutionGuid = {E681480B-AD8D-4398-A0F6-942DC6679C1B}
	EndGlobalSection
EndGlobal
