
Microsoft Visual Studio Solution File, Format Version 12.00
# Visual Studio Version 17
VisualStudioVersion = 17.4.33122.133
MinimumVisualStudioVersion = 10.0.40219.1
Project("{FAE04EC0-301F-11D3-BF4B-00C04F79EFBC}") = "01.Old Books", "01.Old Books\01.Old Books.csproj", "{DC40CE01-301E-45AA-A615-61AE52C8EBD0}"
EndProject
Project("{FAE04EC0-301F-11D3-BF4B-00C04F79EFBC}") = "02.Exam Preparation", "02.Exam Preparation\02.Exam Preparation.csproj", "{F89B038F-6CE4-4D2B-8449-B1303F675951}"
EndProject
Project("{FAE04EC0-301F-11D3-BF4B-00C04F79EFBC}") = "03.Vacation", "03.Vacation\03.Vacation.csproj", "{0914DD31-25BF-44F1-9A24-0DEE3FB63553}"
EndProject
Project("{FAE04EC0-301F-11D3-BF4B-00C04F79EFBC}") = "04.Walking", "04.Walking\04.Walking.csproj", "{778E3736-465D-4535-8640-88FACAA87500}"
EndProject
Project("{FAE04EC0-301F-11D3-BF4B-00C04F79EFBC}") = "05.Coins", "05.Coins\05.Coins.csproj", "{5233512D-C6D0-4DA6-A429-D4F4E75F0F91}"
EndProject
Project("{FAE04EC0-301F-11D3-BF4B-00C04F79EFBC}") = "06.Cake", "06.Cake\06.Cake.csproj", "{8E4208B5-B720-4D5A-82FE-3D6C251F4111}"
EndProject
Project("{FAE04EC0-301F-11D3-BF4B-00C04F79EFBC}") = "07.Moving", "07.Moving\07.Moving.csproj", "{53912DB9-4BF5-443B-8BD6-8118DDBDFF7D}"
EndProject
Global
	GlobalSection(SolutionConfigurationPlatforms) = preSolution
		Debug|Any CPU = Debug|Any CPU
		Release|Any CPU = Release|Any CPU
	EndGlobalSection
	GlobalSection(ProjectConfigurationPlatforms) = postSolution
		{DC40CE01-301E-45AA-A615-61AE52C8EBD0}.Debug|Any CPU.ActiveCfg = Debug|Any CPU
		{DC40CE01-301E-45AA-A615-61AE52C8EBD0}.Debug|Any CPU.Build.0 = Debug|Any CPU
		{DC40CE01-301E-45AA-A615-61AE52C8EBD0}.Release|Any CPU.ActiveCfg = Release|Any CPU
		{DC40CE01-301E-45AA-A615-61AE52C8EBD0}.Release|Any CPU.Build.0 = Release|Any CPU
		{F89B038F-6CE4-4D2B-8449-B1303F675951}.Debug|Any CPU.ActiveCfg = Debug|Any CPU
		{F89B038F-6CE4-4D2B-8449-B1303F675951}.Debug|Any CPU.Build.0 = Debug|Any CPU
		{F89B038F-6CE4-4D2B-8449-B1303F675951}.Release|Any CPU.ActiveCfg = Release|Any CPU
		{F89B038F-6CE4-4D2B-8449-B1303F675951}.Release|Any CPU.Build.0 = Release|Any CPU
		{0914DD31-25BF-44F1-9A24-0DEE3FB63553}.Debug|Any CPU.ActiveCfg = Debug|Any CPU
		{0914DD31-25BF-44F1-9A24-0DEE3FB63553}.Debug|Any CPU.Build.0 = Debug|Any CPU
		{0914DD31-25BF-44F1-9A24-0DEE3FB63553}.Release|Any CPU.ActiveCfg = Release|Any CPU
		{0914DD31-25BF-44F1-9A24-0DEE3FB63553}.Release|Any CPU.Build.0 = Release|Any CPU
		{778E3736-465D-4535-8640-88FACAA87500}.Debug|Any CPU.ActiveCfg = Debug|Any CPU
		{778E3736-465D-4535-8640-88FACAA87500}.Debug|Any CPU.Build.0 = Debug|Any CPU
		{778E3736-465D-4535-8640-88FACAA87500}.Release|Any CPU.ActiveCfg = Release|Any CPU
		{778E3736-465D-4535-8640-88FACAA87500}.Release|Any CPU.Build.0 = Release|Any CPU
		{5233512D-C6D0-4DA6-A429-D4F4E75F0F91}.Debug|Any CPU.ActiveCfg = Debug|Any CPU
		{5233512D-C6D0-4DA6-A429-D4F4E75F0F91}.Debug|Any CPU.Build.0 = Debug|Any CPU
		{5233512D-C6D0-4DA6-A429-D4F4E75F0F91}.Release|Any CPU.ActiveCfg = Release|Any CPU
		{5233512D-C6D0-4DA6-A429-D4F4E75F0F91}.Release|Any CPU.Build.0 = Release|Any CPU
		{8E4208B5-B720-4D5A-82FE-3D6C251F4111}.Debug|Any CPU.ActiveCfg = Debug|Any CPU
		{8E4208B5-B720-4D5A-82FE-3D6C251F4111}.Debug|Any CPU.Build.0 = Debug|Any CPU
		{8E4208B5-B720-4D5A-82FE-3D6C251F4111}.Release|Any CPU.ActiveCfg = Release|Any CPU
		{8E4208B5-B720-4D5A-82FE-3D6C251F4111}.Release|Any CPU.Build.0 = Release|Any CPU
		{53912DB9-4BF5-443B-8BD6-8118DDBDFF7D}.Debug|Any CPU.ActiveCfg = Debug|Any CPU
		{53912DB9-4BF5-443B-8BD6-8118DDBDFF7D}.Debug|Any CPU.Build.0 = Debug|Any CPU
		{53912DB9-4BF5-443B-8BD6-8118DDBDFF7D}.Release|Any CPU.ActiveCfg = Release|Any CPU
		{53912DB9-4BF5-443B-8BD6-8118DDBDFF7D}.Release|Any CPU.Build.0 = Release|Any CPU
	EndGlobalSection
	GlobalSection(SolutionProperties) = preSolution
		HideSolutionNode = FALSE
	EndGlobalSection
	GlobalSection(ExtensibilityGlobals) = postSolution
		SolutionGuid = {83BEA0BA-992D-4207-8CA8-117A884F7D94}
	EndGlobalSection
EndGlobal
