
Microsoft Visual Studio Solution File, Format Version 12.00
# Visual Studio Version 16
VisualStudioVersion = 16.0.32002.261
MinimumVisualStudioVersion = 10.0.40219.1
Project("{FAE04EC0-301F-11D3-BF4B-00C04F79EFBC}") = "00. Demo", "00. Demo\00. Demo.csproj", "{69319075-5DDA-469C-BC66-FEC5FB39D85A}"
EndProject
Project("{FAE04EC0-301F-11D3-BF4B-00C04F79EFBC}") = "01. Sort Numbers", "01. Sort Numbers\01. Sort Numbers.csproj", "{9BE17958-312A-44B7-A096-7F3BC29AAB92}"
EndProject
Project("{FAE04EC0-301F-11D3-BF4B-00C04F79EFBC}") = "02", "02\02.csproj", "{76C00071-F83A-43DC-ABD8-3FD56F2D648F}"
EndProject
Project("{FAE04EC0-301F-11D3-BF4B-00C04F79EFBC}") = "03. Gaming Store", "03. Gaming Store\03. Gaming Store.csproj", "{0B4B6235-E683-49C7-96C4-E68884AA79D3}"
EndProject
Project("{FAE04EC0-301F-11D3-BF4B-00C04F79EFBC}") = "04. Reverse String", "04. Reverse String\04. Reverse String.csproj", "{143A62A6-3074-45C0-B4CC-0D09BA14FAB0}"
EndProject
Project("{FAE04EC0-301F-11D3-BF4B-00C04F79EFBC}") = "05. Messages", "05. Messages\05. Messages.csproj", "{48F08608-A6F6-4DC0-B870-DE1C91E942D6}"
EndProject
Global
	GlobalSection(SolutionConfigurationPlatforms) = preSolution
		Debug|Any CPU = Debug|Any CPU
		Release|Any CPU = Release|Any CPU
	EndGlobalSection
	GlobalSection(ProjectConfigurationPlatforms) = postSolution
		{69319075-5DDA-469C-BC66-FEC5FB39D85A}.Debug|Any CPU.ActiveCfg = Debug|Any CPU
		{69319075-5DDA-469C-BC66-FEC5FB39D85A}.Debug|Any CPU.Build.0 = Debug|Any CPU
		{69319075-5DDA-469C-BC66-FEC5FB39D85A}.Release|Any CPU.ActiveCfg = Release|Any CPU
		{69319075-5DDA-469C-BC66-FEC5FB39D85A}.Release|Any CPU.Build.0 = Release|Any CPU
		{9BE17958-312A-44B7-A096-7F3BC29AAB92}.Debug|Any CPU.ActiveCfg = Debug|Any CPU
		{9BE17958-312A-44B7-A096-7F3BC29AAB92}.Debug|Any CPU.Build.0 = Debug|Any CPU
		{9BE17958-312A-44B7-A096-7F3BC29AAB92}.Release|Any CPU.ActiveCfg = Release|Any CPU
		{9BE17958-312A-44B7-A096-7F3BC29AAB92}.Release|Any CPU.Build.0 = Release|Any CPU
		{76C00071-F83A-43DC-ABD8-3FD56F2D648F}.Debug|Any CPU.ActiveCfg = Debug|Any CPU
		{76C00071-F83A-43DC-ABD8-3FD56F2D648F}.Debug|Any CPU.Build.0 = Debug|Any CPU
		{76C00071-F83A-43DC-ABD8-3FD56F2D648F}.Release|Any CPU.ActiveCfg = Release|Any CPU
		{76C00071-F83A-43DC-ABD8-3FD56F2D648F}.Release|Any CPU.Build.0 = Release|Any CPU
		{0B4B6235-E683-49C7-96C4-E68884AA79D3}.Debug|Any CPU.ActiveCfg = Debug|Any CPU
		{0B4B6235-E683-49C7-96C4-E68884AA79D3}.Debug|Any CPU.Build.0 = Debug|Any CPU
		{0B4B6235-E683-49C7-96C4-E68884AA79D3}.Release|Any CPU.ActiveCfg = Release|Any CPU
		{0B4B6235-E683-49C7-96C4-E68884AA79D3}.Release|Any CPU.Build.0 = Release|Any CPU
		{143A62A6-3074-45C0-B4CC-0D09BA14FAB0}.Debug|Any CPU.ActiveCfg = Debug|Any CPU
		{143A62A6-3074-45C0-B4CC-0D09BA14FAB0}.Debug|Any CPU.Build.0 = Debug|Any CPU
		{143A62A6-3074-45C0-B4CC-0D09BA14FAB0}.Release|Any CPU.ActiveCfg = Release|Any CPU
		{143A62A6-3074-45C0-B4CC-0D09BA14FAB0}.Release|Any CPU.Build.0 = Release|Any CPU
		{48F08608-A6F6-4DC0-B870-DE1C91E942D6}.Debug|Any CPU.ActiveCfg = Debug|Any CPU
		{48F08608-A6F6-4DC0-B870-DE1C91E942D6}.Debug|Any CPU.Build.0 = Debug|Any CPU
		{48F08608-A6F6-4DC0-B870-DE1C91E942D6}.Release|Any CPU.ActiveCfg = Release|Any CPU
		{48F08608-A6F6-4DC0-B870-DE1C91E942D6}.Release|Any CPU.Build.0 = Release|Any CPU
	EndGlobalSection
	GlobalSection(SolutionProperties) = preSolution
		HideSolutionNode = FALSE
	EndGlobalSection
	GlobalSection(ExtensibilityGlobals) = postSolution
		SolutionGuid = {DCE844D3-6D94-49AE-A95B-B64E132AB47E}
	EndGlobalSection
EndGlobal
