
Microsoft Visual Studio Solution File, Format Version 12.00
# Visual Studio Version 17
VisualStudioVersion = 17.4.33122.133
MinimumVisualStudioVersion = 10.0.40219.1
Project("{FAE04EC0-301F-11D3-BF4B-00C04F79EFBC}") = "01.Read Text", "01.Read Text\01.Read Text.csproj", "{81CC668D-9EE5-4B62-AD6D-32386D4E0626}"
EndProject
Project("{FAE04EC0-301F-11D3-BF4B-00C04F79EFBC}") = "02.Password", "02.Password\02.Password.csproj", "{F1DEA101-4DB4-4626-B5DB-023FB3C79C9C}"
EndProject
Project("{FAE04EC0-301F-11D3-BF4B-00C04F79EFBC}") = "03.Sum Numbers", "03.Sum Numbers\03.Sum Numbers.csproj", "{04299059-3D82-4DFC-B358-36696CC3F6D5}"
EndProject
Project("{FAE04EC0-301F-11D3-BF4B-00C04F79EFBC}") = "04.Sequence 2k+1", "04.Sequence 2k+1\04.Sequence 2k+1.csproj", "{CC55427C-7974-483F-9765-D02D71CD77D7}"
EndProject
Project("{FAE04EC0-301F-11D3-BF4B-00C04F79EFBC}") = "05.Account Balance", "05.Account Balance\05.Account Balance.csproj", "{03C04662-3DF9-45A7-B60B-613C50FB866B}"
EndProject
Project("{FAE04EC0-301F-11D3-BF4B-00C04F79EFBC}") = "06.Max Number", "06.Max Number\06.Max Number.csproj", "{30C9797B-4EAA-46E4-8169-3F63635D5A29}"
EndProject
Project("{FAE04EC0-301F-11D3-BF4B-00C04F79EFBC}") = "07.Min Number", "07.Min Number\07.Min Number.csproj", "{ECA74656-94B2-4D42-9E20-5C41D6DE4A62}"
EndProject
Project("{FAE04EC0-301F-11D3-BF4B-00C04F79EFBC}") = "08.Graduation", "08.Graduation\08.Graduation.csproj", "{D223232C-3380-4B99-BDAA-F0AE2DB67D54}"
EndProject
Global
	GlobalSection(SolutionConfigurationPlatforms) = preSolution
		Debug|Any CPU = Debug|Any CPU
		Release|Any CPU = Release|Any CPU
	EndGlobalSection
	GlobalSection(ProjectConfigurationPlatforms) = postSolution
		{81CC668D-9EE5-4B62-AD6D-32386D4E0626}.Debug|Any CPU.ActiveCfg = Debug|Any CPU
		{81CC668D-9EE5-4B62-AD6D-32386D4E0626}.Debug|Any CPU.Build.0 = Debug|Any CPU
		{81CC668D-9EE5-4B62-AD6D-32386D4E0626}.Release|Any CPU.ActiveCfg = Release|Any CPU
		{81CC668D-9EE5-4B62-AD6D-32386D4E0626}.Release|Any CPU.Build.0 = Release|Any CPU
		{F1DEA101-4DB4-4626-B5DB-023FB3C79C9C}.Debug|Any CPU.ActiveCfg = Debug|Any CPU
		{F1DEA101-4DB4-4626-B5DB-023FB3C79C9C}.Debug|Any CPU.Build.0 = Debug|Any CPU
		{F1DEA101-4DB4-4626-B5DB-023FB3C79C9C}.Release|Any CPU.ActiveCfg = Release|Any CPU
		{F1DEA101-4DB4-4626-B5DB-023FB3C79C9C}.Release|Any CPU.Build.0 = Release|Any CPU
		{04299059-3D82-4DFC-B358-36696CC3F6D5}.Debug|Any CPU.ActiveCfg = Debug|Any CPU
		{04299059-3D82-4DFC-B358-36696CC3F6D5}.Debug|Any CPU.Build.0 = Debug|Any CPU
		{04299059-3D82-4DFC-B358-36696CC3F6D5}.Release|Any CPU.ActiveCfg = Release|Any CPU
		{04299059-3D82-4DFC-B358-36696CC3F6D5}.Release|Any CPU.Build.0 = Release|Any CPU
		{CC55427C-7974-483F-9765-D02D71CD77D7}.Debug|Any CPU.ActiveCfg = Debug|Any CPU
		{CC55427C-7974-483F-9765-D02D71CD77D7}.Debug|Any CPU.Build.0 = Debug|Any CPU
		{CC55427C-7974-483F-9765-D02D71CD77D7}.Release|Any CPU.ActiveCfg = Release|Any CPU
		{CC55427C-7974-483F-9765-D02D71CD77D7}.Release|Any CPU.Build.0 = Release|Any CPU
		{03C04662-3DF9-45A7-B60B-613C50FB866B}.Debug|Any CPU.ActiveCfg = Debug|Any CPU
		{03C04662-3DF9-45A7-B60B-613C50FB866B}.Debug|Any CPU.Build.0 = Debug|Any CPU
		{03C04662-3DF9-45A7-B60B-613C50FB866B}.Release|Any CPU.ActiveCfg = Release|Any CPU
		{03C04662-3DF9-45A7-B60B-613C50FB866B}.Release|Any CPU.Build.0 = Release|Any CPU
		{30C9797B-4EAA-46E4-8169-3F63635D5A29}.Debug|Any CPU.ActiveCfg = Debug|Any CPU
		{30C9797B-4EAA-46E4-8169-3F63635D5A29}.Debug|Any CPU.Build.0 = Debug|Any CPU
		{30C9797B-4EAA-46E4-8169-3F63635D5A29}.Release|Any CPU.ActiveCfg = Release|Any CPU
		{30C9797B-4EAA-46E4-8169-3F63635D5A29}.Release|Any CPU.Build.0 = Release|Any CPU
		{ECA74656-94B2-4D42-9E20-5C41D6DE4A62}.Debug|Any CPU.ActiveCfg = Debug|Any CPU
		{ECA74656-94B2-4D42-9E20-5C41D6DE4A62}.Debug|Any CPU.Build.0 = Debug|Any CPU
		{ECA74656-94B2-4D42-9E20-5C41D6DE4A62}.Release|Any CPU.ActiveCfg = Release|Any CPU
		{ECA74656-94B2-4D42-9E20-5C41D6DE4A62}.Release|Any CPU.Build.0 = Release|Any CPU
		{D223232C-3380-4B99-BDAA-F0AE2DB67D54}.Debug|Any CPU.ActiveCfg = Debug|Any CPU
		{D223232C-3380-4B99-BDAA-F0AE2DB67D54}.Debug|Any CPU.Build.0 = Debug|Any CPU
		{D223232C-3380-4B99-BDAA-F0AE2DB67D54}.Release|Any CPU.ActiveCfg = Release|Any CPU
		{D223232C-3380-4B99-BDAA-F0AE2DB67D54}.Release|Any CPU.Build.0 = Release|Any CPU
	EndGlobalSection
	GlobalSection(SolutionProperties) = preSolution
		HideSolutionNode = FALSE
	EndGlobalSection
	GlobalSection(ExtensibilityGlobals) = postSolution
		SolutionGuid = {C10E157A-A1D6-4A79-90A6-956BB90210DB}
	EndGlobalSection
EndGlobal
