
Microsoft Visual Studio Solution File, Format Version 12.00
# Visual Studio Version 17
VisualStudioVersion = 17.4.33122.133
MinimumVisualStudioVersion = 10.0.40219.1
Project("{FAE04EC0-301F-11D3-BF4B-00C04F79EFBC}") = "01.Clock", "01.Clock\01.Clock.csproj", "{55F18F87-CAF7-4F87-AB94-52D632011DA8}"
EndProject
Project("{FAE04EC0-301F-11D3-BF4B-00C04F79EFBC}") = "02.Multiplication Table", "02.Multiplication Table\02.Multiplication Table.csproj", "{72A885AE-1B2A-4EB6-A4DC-43A0065CBD32}"
EndProject
Project("{FAE04EC0-301F-11D3-BF4B-00C04F79EFBC}") = "03.Combinations", "03.Combinations\03.Combinations.csproj", "{703AE427-F69C-4225-9017-2405F3218C0B}"
EndProject
Project("{FAE04EC0-301F-11D3-BF4B-00C04F79EFBC}") = "04.Sum of Two Numbers", "04.Sum of Two Numbers\04.Sum of Two Numbers.csproj", "{07BC50A0-B3AD-4A8C-9C3D-C91BDC6B3941}"
EndProject
Project("{FAE04EC0-301F-11D3-BF4B-00C04F79EFBC}") = "05.Travelling", "05.Travelling\05.Travelling.csproj", "{0CE2E9A0-FA07-44E3-B707-884801BAE075}"
EndProject
Project("{FAE04EC0-301F-11D3-BF4B-00C04F79EFBC}") = "06.Building", "06.Building\06.Building.csproj", "{CD3D5983-FEDB-4274-B783-DD24AA1BDEC7}"
EndProject
Global
	GlobalSection(SolutionConfigurationPlatforms) = preSolution
		Debug|Any CPU = Debug|Any CPU
		Release|Any CPU = Release|Any CPU
	EndGlobalSection
	GlobalSection(ProjectConfigurationPlatforms) = postSolution
		{55F18F87-CAF7-4F87-AB94-52D632011DA8}.Debug|Any CPU.ActiveCfg = Debug|Any CPU
		{55F18F87-CAF7-4F87-AB94-52D632011DA8}.Debug|Any CPU.Build.0 = Debug|Any CPU
		{55F18F87-CAF7-4F87-AB94-52D632011DA8}.Release|Any CPU.ActiveCfg = Release|Any CPU
		{55F18F87-CAF7-4F87-AB94-52D632011DA8}.Release|Any CPU.Build.0 = Release|Any CPU
		{72A885AE-1B2A-4EB6-A4DC-43A0065CBD32}.Debug|Any CPU.ActiveCfg = Debug|Any CPU
		{72A885AE-1B2A-4EB6-A4DC-43A0065CBD32}.Debug|Any CPU.Build.0 = Debug|Any CPU
		{72A885AE-1B2A-4EB6-A4DC-43A0065CBD32}.Release|Any CPU.ActiveCfg = Release|Any CPU
		{72A885AE-1B2A-4EB6-A4DC-43A0065CBD32}.Release|Any CPU.Build.0 = Release|Any CPU
		{703AE427-F69C-4225-9017-2405F3218C0B}.Debug|Any CPU.ActiveCfg = Debug|Any CPU
		{703AE427-F69C-4225-9017-2405F3218C0B}.Debug|Any CPU.Build.0 = Debug|Any CPU
		{703AE427-F69C-4225-9017-2405F3218C0B}.Release|Any CPU.ActiveCfg = Release|Any CPU
		{703AE427-F69C-4225-9017-2405F3218C0B}.Release|Any CPU.Build.0 = Release|Any CPU
		{07BC50A0-B3AD-4A8C-9C3D-C91BDC6B3941}.Debug|Any CPU.ActiveCfg = Debug|Any CPU
		{07BC50A0-B3AD-4A8C-9C3D-C91BDC6B3941}.Debug|Any CPU.Build.0 = Debug|Any CPU
		{07BC50A0-B3AD-4A8C-9C3D-C91BDC6B3941}.Release|Any CPU.ActiveCfg = Release|Any CPU
		{07BC50A0-B3AD-4A8C-9C3D-C91BDC6B3941}.Release|Any CPU.Build.0 = Release|Any CPU
		{0CE2E9A0-FA07-44E3-B707-884801BAE075}.Debug|Any CPU.ActiveCfg = Debug|Any CPU
		{0CE2E9A0-FA07-44E3-B707-884801BAE075}.Debug|Any CPU.Build.0 = Debug|Any CPU
		{0CE2E9A0-FA07-44E3-B707-884801BAE075}.Release|Any CPU.ActiveCfg = Release|Any CPU
		{0CE2E9A0-FA07-44E3-B707-884801BAE075}.Release|Any CPU.Build.0 = Release|Any CPU
		{CD3D5983-FEDB-4274-B783-DD24AA1BDEC7}.Debug|Any CPU.ActiveCfg = Debug|Any CPU
		{CD3D5983-FEDB-4274-B783-DD24AA1BDEC7}.Debug|Any CPU.Build.0 = Debug|Any CPU
		{CD3D5983-FEDB-4274-B783-DD24AA1BDEC7}.Release|Any CPU.ActiveCfg = Release|Any CPU
		{CD3D5983-FEDB-4274-B783-DD24AA1BDEC7}.Release|Any CPU.Build.0 = Release|Any CPU
	EndGlobalSection
	GlobalSection(SolutionProperties) = preSolution
		HideSolutionNode = FALSE
	EndGlobalSection
	GlobalSection(ExtensibilityGlobals) = postSolution
		SolutionGuid = {D4F69E25-E108-4F06-A1B0-8EE8820486AA}
	EndGlobalSection
EndGlobal
